Microsoft Visual Studio Solution File, Format Version 12.00
# Visual Studio 15
VisualStudioVersion = 15.0.28010.2036
MinimumVisualStudioVersion = 10.0.40219.1
Project("{FAE04EC0-301F-11D3-BF4B-00C04F79EFBC}") = "DqTool", "DqTool\DqTool.csproj", "{281F0168-D88A-4C64-9A11-F42D2EAC8FFC}"
EndProject
Project("{FAE04EC0-301F-11D3-BF4B-00C04F79EFBC}") = "DqLibrary", "DqLibrary\DqLibrary.csproj", "{FBF07772-CF92-4795-91C3-A9C59557E5FC}"
EndProject
Project("{FAE04EC0-301F-11D3-BF4B-00C04F79EFBC}") = "DqToolTests", "DqToolTests\DqToolTests.csproj", "{AA781DE5-2342-4D81-B417-7A874801F785}"
EndProject
Project("{FAE04EC0-301F-11D3-BF4B-00C04F79EFBC}") = "DqLibraryTests", "DqLibraryTests\DqLibraryTests.csproj", "{15783B06-C85E-4E56-8B96-3F66FF8FC3B8}"
EndProject
Global
	GlobalSection(SolutionConfigurationPlatforms) = preSolution
		Debug|Any CPU = Debug|Any CPU
		Release|Any CPU = Release|Any CPU
	EndGlobalSection
	GlobalSection(ProjectConfigurationPlatforms) = postSolution
		{281F0168-D88A-4C64-9A11-F42D2EAC8FFC}.Debug|Any CPU.ActiveCfg = Debug|Any CPU
		{281F0168-D88A-4C64-9A11-F42D2EAC8FFC}.Debug|Any CPU.Build.0 = Debug|Any CPU
		{281F0168-D88A-4C64-9A11-F42D2EAC8FFC}.Release|Any CPU.ActiveCfg = Release|Any CPU
		{281F0168-D88A-4C64-9A11-F42D2EAC8FFC}.Release|Any CPU.Build.0 = Release|Any CPU
		{FBF07772-CF92-4795-91C3-A9C59557E5FC}.Debug|Any CPU.ActiveCfg = Debug|Any CPU
		{FBF07772-CF92-4795-91C3-A9C59557E5FC}.Debug|Any CPU.Build.0 = Debug|Any CPU
		{FBF07772-CF92-4795-91C3-A9C59557E5FC}.Release|Any CPU.ActiveCfg = Release|Any CPU
		{FBF07772-CF92-4795-91C3-A9C59557E5FC}.Release|Any CPU.Build.0 = Release|Any CPU
		{AA781DE5-2342-4D81-B417-7A874801F785}.Debug|Any CPU.ActiveCfg = Debug|Any CPU
		{AA781DE5-2342-4D81-B417-7A874801F785}.Debug|Any CPU.Build.0 = Debug|Any CPU
		{AA781DE5-2342-4D81-B417-7A874801F785}.Release|Any CPU.ActiveCfg = Release|Any CPU
		{AA781DE5-2342-4D81-B417-7A874801F785}.Release|Any CPU.Build.0 = Release|Any CPU
		{15783B06-C85E-4E56-8B96-3F66FF8FC3B8}.Debug|Any CPU.ActiveCfg = Debug|Any CPU
		{15783B06-C85E-4E56-8B96-3F66FF8FC3B8}.Debug|Any CPU.Build.0 = Debug|Any CPU
		{15783B06-C85E-4E56-8B96-3F66FF8FC3B8}.Release|Any CPU.ActiveCfg = Release|Any CPU
		{15783B06-C85E-4E56-8B96-3F66FF8FC3B8}.Release|Any CPU.Build.0 = Release|Any CPU
	EndGlobalSection
	GlobalSection(SolutionProperties) = preSolution
		HideSolutionNode = FALSE
	EndGlobalSection
	GlobalSection(ExtensibilityGlobals) = postSolution
		SolutionGuid = {AB8552DA-B24B-4015-8C9A-6B75DDC0BCC0}
	EndGlobalSection
EndGlobal
